// !$*UTF8*$!
{
	archiveVersion = 1;
	classes = {
	};
	objectVersion = 55;
	objects = {

/* Begin PBXBuildFile section */
		51276149289835D400A0B785 /* BBLTestApp.swift in Sources */ = {isa = PBXBuildFile; fileRef = 51276148289835D400A0B785 /* BBLTestApp.swift */; };
		5127614B289835D400A0B785 /* ContentView.swift in Sources */ = {isa = PBXBuildFile; fileRef = 5127614A289835D400A0B785 /* ContentView.swift */; };
		5127614D289835D600A0B785 /* Assets.xcassets in Resources */ = {isa = PBXBuildFile; fileRef = 5127614C289835D600A0B785 /* Assets.xcassets */; };
		51276150289835D600A0B785 /* Preview Assets.xcassets in Resources */ = {isa = PBXBuildFile; fileRef = 5127614F289835D600A0B785 /* Preview Assets.xcassets */; };
		51276158289835FD00A0B785 /* Auth0 in Frameworks */ = {isa = PBXBuildFile; productRef = 51276157289835FD00A0B785 /* Auth0 */; };
		5127615A289836FC00A0B785 /* Auth0.plist in Resources */ = {isa = PBXBuildFile; fileRef = 51276159289836FC00A0B785 /* Auth0.plist */; };
		51BC706C2899045B0066E922 /* AppAuth in Frameworks */ = {isa = PBXBuildFile; productRef = 51BC706B2899045B0066E922 /* AppAuth */; };
		51BC706E2899045B0066E922 /* AppAuthCore in Frameworks */ = {isa = PBXBuildFile; productRef = 51BC706D2899045B0066E922 /* AppAuthCore */; };
		51BC70742899057C0066E922 /* ApplicationError.swift in Sources */ = {isa = PBXBuildFile; fileRef = 51BC70732899057C0066E922 /* ApplicationError.swift */; };
		51BC7077289905CD0066E922 /* ApplicationConfig.swift in Sources */ = {isa = PBXBuildFile; fileRef = 51BC7076289905CD0066E922 /* ApplicationConfig.swift */; };
		51BC70792899063B0066E922 /* ApplicationConfigLoader.swift in Sources */ = {isa = PBXBuildFile; fileRef = 51BC70782899063B0066E922 /* ApplicationConfigLoader.swift */; };
		51BC707B2899067D0066E922 /* config.json in Resources */ = {isa = PBXBuildFile; fileRef = 51BC707A2899067D0066E922 /* config.json */; };
		51BC707E289906E10066E922 /* Logger.swift in Sources */ = {isa = PBXBuildFile; fileRef = 51BC707D289906E10066E922 /* Logger.swift */; };
		51BC70802899072C0066E922 /* AppAuthHandler.swift in Sources */ = {isa = PBXBuildFile; fileRef = 51BC707F2899072C0066E922 /* AppAuthHandler.swift */; };
		51BC7083289908260066E922 /* SwiftCoroutine in Frameworks */ = {isa = PBXBuildFile; productRef = 51BC7082289908260066E922 /* SwiftCoroutine */; };
		51BC70852899088D0066E922 /* ApplicationStateManager.swift in Sources */ = {isa = PBXBuildFile; fileRef = 51BC70842899088D0066E922 /* ApplicationStateManager.swift */; };
		51BC7088289908C20066E922 /* SwiftKeychainWrapper in Frameworks */ = {isa = PBXBuildFile; productRef = 51BC7087289908C20066E922 /* SwiftKeychainWrapper */; };
		51BC708A289909940066E922 /* MainViewModel.swift in Sources */ = {isa = PBXBuildFile; fileRef = 51BC7089289909940066E922 /* MainViewModel.swift */; };
		51BC708C289909E50066E922 /* UnauthenticatedViewModel.swift in Sources */ = {isa = PBXBuildFile; fileRef = 51BC708B289909E50066E922 /* UnauthenticatedViewModel.swift */; };
		51BC708F28990A5A0066E922 /* SwiftJWT in Frameworks */ = {isa = PBXBuildFile; productRef = 51BC708E28990A5A0066E922 /* SwiftJWT */; };
		51BC709128990A7D0066E922 /* AuthenticatedViewModel.swift in Sources */ = {isa = PBXBuildFile; fileRef = 51BC709028990A7D0066E922 /* AuthenticatedViewModel.swift */; };
		51BC709328990C020066E922 /* UnauthenticatedView.swift in Sources */ = {isa = PBXBuildFile; fileRef = 51BC709228990C020066E922 /* UnauthenticatedView.swift */; };
		51BC709528990CAC0066E922 /* ErrorView.swift in Sources */ = {isa = PBXBuildFile; fileRef = 51BC709428990CAC0066E922 /* ErrorView.swift */; };
		51BC709728990CEA0066E922 /* ErrorViewModel.swift in Sources */ = {isa = PBXBuildFile; fileRef = 51BC709628990CEA0066E922 /* ErrorViewModel.swift */; };
		51BC7099289926B60066E922 /* AuthenticatedView.swift in Sources */ = {isa = PBXBuildFile; fileRef = 51BC7098289926B60066E922 /* AuthenticatedView.swift */; };
		51BC709B28992A660066E922 /* UserModel.swift in Sources */ = {isa = PBXBuildFile; fileRef = 51BC709A28992A660066E922 /* UserModel.swift */; };
/* End PBXBuildFile section */

/* Begin PBXFileReference section */
		51276145289835D400A0B785 /* BBLTest.app */ = {isa = PBXFileReference; explicitFileType = wrapper.application; includeInIndex = 0; path = BBLTest.app; sourceTree = BUILT_PRODUCTS_DIR; };
		51276148289835D400A0B785 /* BBLTestApp.swift */ = {isa = PBXFileReference; lastKnownFileType = sourcecode.swift; path = BBLTestApp.swift; sourceTree = "<group>"; };
		5127614A289835D400A0B785 /* ContentView.swift */ = {isa = PBXFileReference; lastKnownFileType = sourcecode.swift; path = ContentView.swift; sourceTree = "<group>"; };
		5127614C289835D600A0B785 /* Assets.xcassets */ = {isa = PBXFileReference; lastKnownFileType = folder.assetcatalog; path = Assets.xcassets; sourceTree = "<group>"; };
		5127614F289835D600A0B785 /* Preview Assets.xcassets */ = {isa = PBXFileReference; lastKnownFileType = folder.assetcatalog; path = "Preview Assets.xcassets"; sourceTree = "<group>"; };
		51276159289836FC00A0B785 /* Auth0.plist */ = {isa = PBXFileReference; lastKnownFileType = text.plist.xml; path = Auth0.plist; sourceTree = "<group>"; };
		51BC70732899057C0066E922 /* ApplicationError.swift */ = {isa = PBXFileReference; lastKnownFileType = sourcecode.swift; path = ApplicationError.swift; sourceTree = "<group>"; };
		51BC7076289905CD0066E922 /* ApplicationConfig.swift */ = {isa = PBXFileReference; lastKnownFileType = sourcecode.swift; path = ApplicationConfig.swift; sourceTree = "<group>"; };
		51BC70782899063B0066E922 /* ApplicationConfigLoader.swift */ = {isa = PBXFileReference; lastKnownFileType = sourcecode.swift; path = ApplicationConfigLoader.swift; sourceTree = "<group>"; };
		51BC707A2899067D0066E922 /* config.json */ = {isa = PBXFileReference; lastKnownFileType = text.json; path = config.json; sourceTree = "<group>"; };
		51BC707D289906E10066E922 /* Logger.swift */ = {isa = PBXFileReference; lastKnownFileType = sourcecode.swift; path = Logger.swift; sourceTree = "<group>"; };
		51BC707F2899072C0066E922 /* AppAuthHandler.swift */ = {isa = PBXFileReference; lastKnownFileType = sourcecode.swift; path = AppAuthHandler.swift; sourceTree = "<group>"; };
		51BC70842899088D0066E922 /* ApplicationStateManager.swift */ = {isa = PBXFileReference; lastKnownFileType = sourcecode.swift; path = ApplicationStateManager.swift; sourceTree = "<group>"; };
		51BC7089289909940066E922 /* MainViewModel.swift */ = {isa = PBXFileReference; lastKnownFileType = sourcecode.swift; path = MainViewModel.swift; sourceTree = "<group>"; };
		51BC708B289909E50066E922 /* UnauthenticatedViewModel.swift */ = {isa = PBXFileReference; lastKnownFileType = sourcecode.swift; path = UnauthenticatedViewModel.swift; sourceTree = "<group>"; };
		51BC709028990A7D0066E922 /* AuthenticatedViewModel.swift */ = {isa = PBXFileReference; lastKnownFileType = sourcecode.swift; path = AuthenticatedViewModel.swift; sourceTree = "<group>"; };
		51BC709228990C020066E922 /* UnauthenticatedView.swift */ = {isa = PBXFileReference; lastKnownFileType = sourcecode.swift; path = UnauthenticatedView.swift; sourceTree = "<group>"; };
		51BC709428990CAC0066E922 /* ErrorView.swift */ = {isa = PBXFileReference; lastKnownFileType = sourcecode.swift; path = ErrorView.swift; sourceTree = "<group>"; };
		51BC709628990CEA0066E922 /* ErrorViewModel.swift */ = {isa = PBXFileReference; lastKnownFileType = sourcecode.swift; path = ErrorViewModel.swift; sourceTree = "<group>"; };
		51BC7098289926B60066E922 /* AuthenticatedView.swift */ = {isa = PBXFileReference; lastKnownFileType = sourcecode.swift; path = AuthenticatedView.swift; sourceTree = "<group>"; };
		51BC709A28992A660066E922 /* UserModel.swift */ = {isa = PBXFileReference; lastKnownFileType = sourcecode.swift; path = UserModel.swift; sourceTree = "<group>"; };
/* End PBXFileReference section */

/* Begin PBXFrameworksBuildPhase section */
		51276142289835D400A0B785 /* Frameworks */ = {
			isa = PBXFrameworksBuildPhase;
			buildActionMask = 2147483647;
			files = (
				51BC706C2899045B0066E922 /* AppAuth in Frameworks */,
				51276158289835FD00A0B785 /* Auth0 in Frameworks */,
				51BC708F28990A5A0066E922 /* SwiftJWT in Frameworks */,
				51BC7088289908C20066E922 /* SwiftKeychainWrapper in Frameworks */,
				51BC706E2899045B0066E922 /* AppAuthCore in Frameworks */,
				51BC7083289908260066E922 /* SwiftCoroutine in Frameworks */,
			);
			runOnlyForDeploymentPostprocessing = 0;
		};
/* End PBXFrameworksBuildPhase section */

/* Begin PBXGroup section */
		5127613C289835D400A0B785 = {
			isa = PBXGroup;
			children = (
				51276147289835D400A0B785 /* BBLTest */,
				51276146289835D400A0B785 /* Products */,
			);
			sourceTree = "<group>";
		};
		51276146289835D400A0B785 /* Products */ = {
			isa = PBXGroup;
			children = (
				51276145289835D400A0B785 /* BBLTest.app */,
			);
			name = Products;
			sourceTree = "<group>";
		};
		51276147289835D400A0B785 /* BBLTest */ = {
			isa = PBXGroup;
			children = (
				51BC707F2899072C0066E922 /* AppAuthHandler.swift */,
				51BC70842899088D0066E922 /* ApplicationStateManager.swift */,
				51276148289835D400A0B785 /* BBLTestApp.swift */,
				51BC7070289905030066E922 /* Source */,
				5127614C289835D600A0B785 /* Assets.xcassets */,
				5127614E289835D600A0B785 /* Preview Content */,
				51276159289836FC00A0B785 /* Auth0.plist */,
			);
			path = BBLTest;
			sourceTree = "<group>";
		};
		5127614E289835D600A0B785 /* Preview Content */ = {
			isa = PBXGroup;
			children = (
				5127614F289835D600A0B785 /* Preview Assets.xcassets */,
			);
			path = "Preview Content";
			sourceTree = "<group>";
		};
		51BC706F289904700066E922 /* View */ = {
			isa = PBXGroup;
			children = (
				5127614A289835D400A0B785 /* ContentView.swift */,
				51BC709228990C020066E922 /* UnauthenticatedView.swift */,
				51BC7098289926B60066E922 /* AuthenticatedView.swift */,
				51BC709428990CAC0066E922 /* ErrorView.swift */,
			);
			path = View;
			sourceTree = "<group>";
		};
		51BC7070289905030066E922 /* Source */ = {
			isa = PBXGroup;
			children = (
				51BC707C289906CE0066E922 /* Utilities */,
				51BC7075289905B30066E922 /* Configuration */,
				51BC7072289905530066E922 /* Model */,
				51BC7071289905410066E922 /* ModelView */,
				51BC706F289904700066E922 /* View */,
			);
			path = Source;
			sourceTree = "<group>";
		};
		51BC7071289905410066E922 /* ModelView */ = {
			isa = PBXGroup;
			children = (
				51BC7089289909940066E922 /* MainViewModel.swift */,
				51BC708B289909E50066E922 /* UnauthenticatedViewModel.swift */,
				51BC709028990A7D0066E922 /* AuthenticatedViewModel.swift */,
				51BC709628990CEA0066E922 /* ErrorViewModel.swift */,
			);
			path = ModelView;
			sourceTree = "<group>";
		};
		51BC7072289905530066E922 /* Model */ = {
			isa = PBXGroup;
			children = (
				51BC7076289905CD0066E922 /* ApplicationConfig.swift */,
				51BC709A28992A660066E922 /* UserModel.swift */,
			);
			path = Model;
			sourceTree = "<group>";
		};
		51BC7075289905B30066E922 /* Configuration */ = {
			isa = PBXGroup;
			children = (
				51BC70732899057C0066E922 /* ApplicationError.swift */,
				51BC70782899063B0066E922 /* ApplicationConfigLoader.swift */,
				51BC707A2899067D0066E922 /* config.json */,
			);
			path = Configuration;
			sourceTree = "<group>";
		};
		51BC707C289906CE0066E922 /* Utilities */ = {
			isa = PBXGroup;
			children = (
				51BC707D289906E10066E922 /* Logger.swift */,
			);
			path = Utilities;
			sourceTree = "<group>";
		};
/* End PBXGroup section */

/* Begin PBXNativeTarget section */
		51276144289835D400A0B785 /* BBLTest */ = {
			isa = PBXNativeTarget;
			buildConfigurationList = 51276153289835D600A0B785 /* Build configuration list for PBXNativeTarget "BBLTest" */;
			buildPhases = (
				51276141289835D400A0B785 /* Sources */,
				51276142289835D400A0B785 /* Frameworks */,
				51276143289835D400A0B785 /* Resources */,
			);
			buildRules = (
			);
			dependencies = (
			);
			name = BBLTest;
			packageProductDependencies = (
				51276157289835FD00A0B785 /* Auth0 */,
				51BC706B2899045B0066E922 /* AppAuth */,
				51BC706D2899045B0066E922 /* AppAuthCore */,
				51BC7082289908260066E922 /* SwiftCoroutine */,
				51BC7087289908C20066E922 /* SwiftKeychainWrapper */,
				51BC708E28990A5A0066E922 /* SwiftJWT */,
			);
			productName = BBLTest;
			productReference = 51276145289835D400A0B785 /* BBLTest.app */;
			productType = "com.apple.product-type.application";
		};
/* End PBXNativeTarget section */

/* Begin PBXProject section */
		5127613D289835D400A0B785 /* Project object */ = {
			isa = PBXProject;
			attributes = {
				BuildIndependentTargetsInParallel = 1;
				LastSwiftUpdateCheck = 1340;
				LastUpgradeCheck = 1340;
				TargetAttributes = {
					51276144289835D400A0B785 = {
						CreatedOnToolsVersion = 13.4.1;
					};
				};
			};
			buildConfigurationList = 51276140289835D400A0B785 /* Build configuration list for PBXProject "BBLTest" */;
			compatibilityVersion = "Xcode 13.0";
			developmentRegion = en;
			hasScannedForEncodings = 0;
			knownRegions = (
				en,
				Base,
			);
			mainGroup = 5127613C289835D400A0B785;
			packageReferences = (
				51276156289835FC00A0B785 /* XCRemoteSwiftPackageReference "Auth0" */,
				51BC706A2899045B0066E922 /* XCRemoteSwiftPackageReference "AppAuth-iOS" */,
				51BC7081289908260066E922 /* XCRemoteSwiftPackageReference "SwiftCoroutine" */,
				51BC7086289908C20066E922 /* XCRemoteSwiftPackageReference "SwiftKeychainWrapper" */,
				51BC708D28990A5A0066E922 /* XCRemoteSwiftPackageReference "Swift-JWT" */,
			);
			productRefGroup = 51276146289835D400A0B785 /* Products */;
			projectDirPath = "";
			projectRoot = "";
			targets = (
				51276144289835D400A0B785 /* BBLTest */,
			);
		};
/* End PBXProject section */

/* Begin PBXResourcesBuildPhase section */
		51276143289835D400A0B785 /* Resources */ = {
			isa = PBXResourcesBuildPhase;
			buildActionMask = 2147483647;
			files = (
				51276150289835D600A0B785 /* Preview Assets.xcassets in Resources */,
				51BC707B2899067D0066E922 /* config.json in Resources */,
				5127615A289836FC00A0B785 /* Auth0.plist in Resources */,
				5127614D289835D600A0B785 /* Assets.xcassets in Resources */,
			);
			runOnlyForDeploymentPostprocessing = 0;
		};
/* End PBXResourcesBuildPhase section */

/* Begin PBXSourcesBuildPhase section */
		51276141289835D400A0B785 /* Sources */ = {
			isa = PBXSourcesBuildPhase;
			buildActionMask = 2147483647;
			files = (
				51BC70852899088D0066E922 /* ApplicationStateManager.swift in Sources */,
				51BC709328990C020066E922 /* UnauthenticatedView.swift in Sources */,
				51BC7077289905CD0066E922 /* ApplicationConfig.swift in Sources */,
				51BC709128990A7D0066E922 /* AuthenticatedViewModel.swift in Sources */,
				51BC707E289906E10066E922 /* Logger.swift in Sources */,
				5127614B289835D400A0B785 /* ContentView.swift in Sources */,
				51276149289835D400A0B785 /* BBLTestApp.swift in Sources */,
				51BC70742899057C0066E922 /* ApplicationError.swift in Sources */,
				51BC70802899072C0066E922 /* AppAuthHandler.swift in Sources */,
				51BC709728990CEA0066E922 /* ErrorViewModel.swift in Sources */,
				51BC709B28992A660066E922 /* UserModel.swift in Sources */,
				51BC7099289926B60066E922 /* AuthenticatedView.swift in Sources */,
				51BC70792899063B0066E922 /* ApplicationConfigLoader.swift in Sources */,
				51BC708A289909940066E922 /* MainViewModel.swift in Sources */,
				51BC709528990CAC0066E922 /* ErrorView.swift in Sources */,
				51BC708C289909E50066E922 /* UnauthenticatedViewModel.swift in Sources */,
			);
			runOnlyForDeploymentPostprocessing = 0;
		};
/* End PBXSourcesBuildPhase section */

/* Begin XCBuildConfiguration section */
		51276151289835D600A0B785 /* Debug */ = {
			isa = XCBuildConfiguration;
			buildSettings = {
				ALWAYS_SEARCH_USER_PATHS = NO;
				CLANG_ANALYZER_NONNULL = YES;
				CLANG_ANALYZER_NUMBER_OBJECT_CONVERSION = YES_AGGRESSIVE;
				CLANG_CXX_LANGUAGE_STANDARD = "gnu++17";
				CLANG_ENABLE_MODULES = YES;
				CLANG_ENABLE_OBJC_ARC = YES;
				CLANG_ENABLE_OBJC_WEAK = YES;
				CLANG_WARN_BLOCK_CAPTURE_AUTORELEASING = YES;
				CLANG_WARN_BOOL_CONVERSION = YES;
				CLANG_WARN_COMMA = YES;
				CLANG_WARN_CONSTANT_CONVERSION = YES;
				CLANG_WARN_DEPRECATED_OBJC_IMPLEMENTATIONS = YES;
				CLANG_WARN_DIRECT_OBJC_ISA_USAGE = YES_ERROR;
				CLANG_WARN_DOCUMENTATION_COMMENTS = YES;
				CLANG_WARN_EMPTY_BODY = YES;
				CLANG_WARN_ENUM_CONVERSION = YES;
				CLANG_WARN_INFINITE_RECURSION = YES;
				CLANG_WARN_INT_CONVERSION = YES;
				CLANG_WARN_NON_LITERAL_NULL_CONVERSION = YES;
				CLANG_WARN_OBJC_IMPLICIT_RETAIN_SELF = YES;
				CLANG_WARN_OBJC_LITERAL_CONVERSION = YES;
				CLANG_WARN_OBJC_ROOT_CLASS = YES_ERROR;
				CLANG_WARN_QUOTED_INCLUDE_IN_FRAMEWORK_HEADER = YES;
				CLANG_WARN_RANGE_LOOP_ANALYSIS = YES;
				CLANG_WARN_STRICT_PROTOTYPES = YES;
				CLANG_WARN_SUSPICIOUS_MOVE = YES;
				CLANG_WARN_UNGUARDED_AVAILABILITY = YES_AGGRESSIVE;
				CLANG_WARN_UNREACHABLE_CODE = YES;
				CLANG_WARN__DUPLICATE_METHOD_MATCH = YES;
				COPY_PHASE_STRIP = NO;
				DEBUG_INFORMATION_FORMAT = dwarf;
				ENABLE_STRICT_OBJC_MSGSEND = YES;
				ENABLE_TESTABILITY = YES;
				GCC_C_LANGUAGE_STANDARD = gnu11;
				GCC_DYNAMIC_NO_PIC = NO;
				GCC_NO_COMMON_BLOCKS = YES;
				GCC_OPTIMIZATION_LEVEL = 0;
				GCC_PREPROCESSOR_DEFINITIONS = (
					"DEBUG=1",
					"$(inherited)",
				);
				GCC_WARN_64_TO_32_BIT_CONVERSION = YES;
				GCC_WARN_ABOUT_RETURN_TYPE = YES_ERROR;
				GCC_WARN_UNDECLARED_SELECTOR = YES;
				GCC_WARN_UNINITIALIZED_AUTOS = YES_AGGRESSIVE;
				GCC_WARN_UNUSED_FUNCTION = YES;
				GCC_WARN_UNUSED_VARIABLE = YES;
				IPHONEOS_DEPLOYMENT_TARGET = 15.5;
				MTL_ENABLE_DEBUG_INFO = INCLUDE_SOURCE;
				MTL_FAST_MATH = YES;
				ONLY_ACTIVE_ARCH = YES;
				SDKROOT = iphoneos;
				SWIFT_ACTIVE_COMPILATION_CONDITIONS = DEBUG;
				SWIFT_OPTIMIZATION_LEVEL = "-Onone";
			};
			name = Debug;
		};
		51276152289835D600A0B785 /* Release */ = {
			isa = XCBuildConfiguration;
			buildSettings = {
				ALWAYS_SEARCH_USER_PATHS = NO;
				CLANG_ANALYZER_NONNULL = YES;
				CLANG_ANALYZER_NUMBER_OBJECT_CONVERSION = YES_AGGRESSIVE;
				CLANG_CXX_LANGUAGE_STANDARD = "gnu++17";
				CLANG_ENABLE_MODULES = YES;
				CLANG_ENABLE_OBJC_ARC = YES;
				CLANG_ENABLE_OBJC_WEAK = YES;
				CLANG_WARN_BLOCK_CAPTURE_AUTORELEASING = YES;
				CLANG_WARN_BOOL_CONVERSION = YES;
				CLANG_WARN_COMMA = YES;
				CLANG_WARN_CONSTANT_CONVERSION = YES;
				CLANG_WARN_DEPRECATED_OBJC_IMPLEMENTATIONS = YES;
				CLANG_WARN_DIRECT_OBJC_ISA_USAGE = YES_ERROR;
				CLANG_WARN_DOCUMENTATION_COMMENTS = YES;
				CLANG_WARN_EMPTY_BODY = YES;
				CLANG_WARN_ENUM_CONVERSION = YES;
				CLANG_WARN_INFINITE_RECURSION = YES;
				CLANG_WARN_INT_CONVERSION = YES;
				CLANG_WARN_NON_LITERAL_NULL_CONVERSION = YES;
				CLANG_WARN_OBJC_IMPLICIT_RETAIN_SELF = YES;
				CLANG_WARN_OBJC_LITERAL_CONVERSION = YES;
				CLANG_WARN_OBJC_ROOT_CLASS = YES_ERROR;
				CLANG_WARN_QUOTED_INCLUDE_IN_FRAMEWORK_HEADER = YES;
				CLANG_WARN_RANGE_LOOP_ANALYSIS = YES;
				CLANG_WARN_STRICT_PROTOTYPES = YES;
				CLANG_WARN_SUSPICIOUS_MOVE = YES;
				CLANG_WARN_UNGUARDED_AVAILABILITY = YES_AGGRESSIVE;
				CLANG_WARN_UNREACHABLE_CODE = YES;
				CLANG_WARN__DUPLICATE_METHOD_MATCH = YES;
				COPY_PHASE_STRIP = NO;
				DEBUG_INFORMATION_FORMAT = "dwarf-with-dsym";
				ENABLE_NS_ASSERTIONS = NO;
				ENABLE_STRICT_OBJC_MSGSEND = YES;
				GCC_C_LANGUAGE_STANDARD = gnu11;
				GCC_NO_COMMON_BLOCKS = YES;
				GCC_WARN_64_TO_32_BIT_CONVERSION = YES;
				GCC_WARN_ABOUT_RETURN_TYPE = YES_ERROR;
				GCC_WARN_UNDECLARED_SELECTOR = YES;
				GCC_WARN_UNINITIALIZED_AUTOS = YES_AGGRESSIVE;
				GCC_WARN_UNUSED_FUNCTION = YES;
				GCC_WARN_UNUSED_VARIABLE = YES;
				IPHONEOS_DEPLOYMENT_TARGET = 15.5;
				MTL_ENABLE_DEBUG_INFO = NO;
				MTL_FAST_MATH = YES;
				SDKROOT = iphoneos;
				SWIFT_COMPILATION_MODE = wholemodule;
				SWIFT_OPTIMIZATION_LEVEL = "-O";
				VALIDATE_PRODUCT = YES;
			};
			name = Release;
		};
		51276154289835D600A0B785 /* Debug */ = {
			isa = XCBuildConfiguration;
			buildSettings = {
				ASSETCATALOG_COMPILER_APPICON_NAME = AppIcon;
				ASSETCATALOG_COMPILER_GLOBAL_ACCENT_COLOR_NAME = AccentColor;
				CODE_SIGN_STYLE = Automatic;
				CURRENT_PROJECT_VERSION = 1;
				DEVELOPMENT_ASSET_PATHS = "\"BBLTest/Preview Content\"";
				ENABLE_PREVIEWS = YES;
				GENERATE_INFOPLIST_FILE = YES;
				INFOPLIST_KEY_UIApplicationSceneManifest_Generation = YES;
				INFOPLIST_KEY_UIApplicationSupportsIndirectInputEvents = YES;
				INFOPLIST_KEY_UILaunchScreen_Generation = YES;
				INFOPLIST_KEY_UISupportedInterfaceOrientations_iPad = "UIInterfaceOrientationPortrait UIInterfaceOrientationPortraitUpsideDown UIInterfaceOrientationLandscapeLeft UIInterfaceOrientationLandscapeRight";
				INFOPLIST_KEY_UISupportedInterfaceOrientations_iPhone = "UIInterfaceOrientationPortrait UIInterfaceOrientationLandscapeLeft UIInterfaceOrientationLandscapeRight";
				LD_RUNPATH_SEARCH_PATHS = (
					"$(inherited)",
					"@executable_path/Frameworks",
				);
				MARKETING_VERSION = 1.0;
				PRODUCT_BUNDLE_IDENTIFIER = com.suriyaMee.bbl.BBLTest;
				PRODUCT_NAME = "$(TARGET_NAME)";
				SWIFT_EMIT_LOC_STRINGS = YES;
				SWIFT_VERSION = 5.0;
				TARGETED_DEVICE_FAMILY = "1,2";
			};
			name = Debug;
		};
		51276155289835D600A0B785 /* Release */ = {
			isa = XCBuildConfiguration;
			buildSettings = {
				ASSETCATALOG_COMPILER_APPICON_NAME = AppIcon;
				ASSETCATALOG_COMPILER_GLOBAL_ACCENT_COLOR_NAME = AccentColor;
				CODE_SIGN_STYLE = Automatic;
				CURRENT_PROJECT_VERSION = 1;
				DEVELOPMENT_ASSET_PATHS = "\"BBLTest/Preview Content\"";
				ENABLE_PREVIEWS = YES;
				GENERATE_INFOPLIST_FILE = YES;
				INFOPLIST_KEY_UIApplicationSceneManifest_Generation = YES;
				INFOPLIST_KEY_UIApplicationSupportsIndirectInputEvents = YES;
				INFOPLIST_KEY_UILaunchScreen_Generation = YES;
				INFOPLIST_KEY_UISupportedInterfaceOrientations_iPad = "UIInterfaceOrientationPortrait UIInterfaceOrientationPortraitUpsideDown UIInterfaceOrientationLandscapeLeft UIInterfaceOrientationLandscapeRight";
				INFOPLIST_KEY_UISupportedInterfaceOrientations_iPhone = "UIInterfaceOrientationPortrait UIInterfaceOrientationLandscapeLeft UIInterfaceOrientationLandscapeRight";
				LD_RUNPATH_SEARCH_PATHS = (
					"$(inherited)",
					"@executable_path/Frameworks",
				);
				MARKETING_VERSION = 1.0;
				PRODUCT_BUNDLE_IDENTIFIER = com.suriyaMee.bbl.BBLTest;
				PRODUCT_NAME = "$(TARGET_NAME)";
				SWIFT_EMIT_LOC_STRINGS = YES;
				SWIFT_VERSION = 5.0;
				TARGETED_DEVICE_FAMILY = "1,2";
			};
			name = Release;
		};
/* End XCBuildConfiguration section */

/* Begin XCConfigurationList section */
		51276140289835D400A0B785 /* Build configuration list for PBXProject "BBLTest" */ = {
			isa = XCConfigurationList;
			buildConfigurations = (
				51276151289835D600A0B785 /* Debug */,
				51276152289835D600A0B785 /* Release */,
			);
			defaultConfigurationIsVisible = 0;
			defaultConfigurationName = Release;
		};
		51276153289835D600A0B785 /* Build configuration list for PBXNativeTarget "BBLTest" */ = {
			isa = XCConfigurationList;
			buildConfigurations = (
				51276154289835D600A0B785 /* Debug */,
				51276155289835D600A0B785 /* Release */,
			);
			defaultConfigurationIsVisible = 0;
			defaultConfigurationName = Release;
		};
/* End XCConfigurationList section */

/* Begin XCRemoteSwiftPackageReference section */
		51276156289835FC00A0B785 /* XCRemoteSwiftPackageReference "Auth0" */ = {
			isa = XCRemoteSwiftPackageReference;
			repositoryURL = "https://github.com/auth0/Auth0.swift";
			requirement = {
				kind = upToNextMajorVersion;
				minimumVersion = 2.0.0;
			};
		};
		51BC706A2899045B0066E922 /* XCRemoteSwiftPackageReference "AppAuth-iOS" */ = {
			isa = XCRemoteSwiftPackageReference;
			repositoryURL = "https://github.com/openid/AppAuth-iOS.git";
			requirement = {
				kind = upToNextMajorVersion;
				minimumVersion = 1.0.0;
			};
		};
		51BC7081289908260066E922 /* XCRemoteSwiftPackageReference "SwiftCoroutine" */ = {
			isa = XCRemoteSwiftPackageReference;
			repositoryURL = "https://github.com/belozierov/SwiftCoroutine";
			requirement = {
				kind = upToNextMajorVersion;
				minimumVersion = 2.0.0;
			};
		};
		51BC7086289908C20066E922 /* XCRemoteSwiftPackageReference "SwiftKeychainWrapper" */ = {
			isa = XCRemoteSwiftPackageReference;
			repositoryURL = "https://github.com/jrendel/SwiftKeychainWrapper";
			requirement = {
				kind = upToNextMajorVersion;
				minimumVersion = 4.0.0;
			};
		};
		51BC708D28990A5A0066E922 /* XCRemoteSwiftPackageReference "Swift-JWT" */ = {
			isa = XCRemoteSwiftPackageReference;
			repositoryURL = "https://github.com/Kitura/Swift-JWT.git";
			requirement = {
				kind = upToNextMajorVersion;
				minimumVersion = 3.0.0;
			};
		};
/* End XCRemoteSwiftPackageReference section */

/* Begin XCSwiftPackageProductDependency section */
		51276157289835FD00A0B785 /* Auth0 */ = {
			isa = XCSwiftPackageProductDependency;
			package = 51276156289835FC00A0B785 /* XCRemoteSwiftPackageReference "Auth0" */;
			productName = Auth0;
		};
		51BC706B2899045B0066E922 /* AppAuth */ = {
			isa = XCSwiftPackageProductDependency;
			package = 51BC706A2899045B0066E922 /* XCRemoteSwiftPackageReference "AppAuth-iOS" */;
			productName = AppAuth;
		};
		51BC706D2899045B0066E922 /* AppAuthCore */ = {
			isa = XCSwiftPackageProductDependency;
			package = 51BC706A2899045B0066E922 /* XCRemoteSwiftPackageReference "AppAuth-iOS" */;
			productName = AppAuthCore;
		};
		51BC7082289908260066E922 /* SwiftCoroutine */ = {
			isa = XCSwiftPackageProductDependency;
			package = 51BC7081289908260066E922 /* XCRemoteSwiftPackageReference "SwiftCoroutine" */;
			productName = SwiftCoroutine;
		};
		51BC7087289908C20066E922 /* SwiftKeychainWrapper */ = {
			isa = XCSwiftPackageProductDependency;
			package = 51BC7086289908C20066E922 /* XCRemoteSwiftPackageReference "SwiftKeychainWrapper" */;
			productName = SwiftKeychainWrapper;
		};
		51BC708E28990A5A0066E922 /* SwiftJWT */ = {
			isa = XCSwiftPackageProductDependency;
			package = 51BC708D28990A5A0066E922 /* XCRemoteSwiftPackageReference "Swift-JWT" */;
			productName = SwiftJWT;
		};
/* End XCSwiftPackageProductDependency section */
	};
	rootObject = 5127613D289835D400A0B785 /* Project object */;
}
